
Microsoft Visual Studio Solution File, Format Version 12.00
# Visual Studio 2013
VisualStudioVersion = 12.0.31101.0
MinimumVisualStudioVersion = 10.0.40219.1
Project("{FAE04EC0-301F-11D3-BF4B-00C04F79EFBC}") = "JoqerQueue", "JoqerQueue\JoqerQueue.csproj", "{DAAE5095-3F49-49F1-8B53-A25AAE3BD806}"
EndProject
Project("{FAE04EC0-301F-11D3-BF4B-00C04F79EFBC}") = "JoqerCtl", "JoqerCtl\JoqerCtl.csproj", "{FB350D93-B80E-4A73-AC7A-E67AE0707B2B}"
EndProject
Global
	GlobalSection(SolutionConfigurationPlatforms) = preSolution
		Debug|Any CPU = Debug|Any CPU
		Release|Any CPU = Release|Any CPU
	EndGlobalSection
	GlobalSection(ProjectConfigurationPlatforms) = postSolution
		{DAAE5095-3F49-49F1-8B53-A25AAE3BD806}.Debug|Any CPU.ActiveCfg = Debug|Any CPU
		{DAAE5095-3F49-49F1-8B53-A25AAE3BD806}.Debug|Any CPU.Build.0 = Debug|Any CPU
		{DAAE5095-3F49-49F1-8B53-A25AAE3BD806}.Release|Any CPU.ActiveCfg = Release|Any CPU
		{DAAE5095-3F49-49F1-8B53-A25AAE3BD806}.Release|Any CPU.Build.0 = Release|Any CPU
		{FB350D93-B80E-4A73-AC7A-E67AE0707B2B}.Debug|Any CPU.ActiveCfg = Debug|Any CPU
		{FB350D93-B80E-4A73-AC7A-E67AE0707B2B}.Debug|Any CPU.Build.0 = Debug|Any CPU
		{FB350D93-B80E-4A73-AC7A-E67AE0707B2B}.Release|Any CPU.ActiveCfg = Release|Any CPU
		{FB350D93-B80E-4A73-AC7A-E67AE0707B2B}.Release|Any CPU.Build.0 = Release|Any CPU
	EndGlobalSection
	GlobalSection(SolutionProperties) = preSolution
		HideSolutionNode = FALSE
	EndGlobalSection
EndGlobal
